// !$*UTF8*$!
{
	archiveVersion = 1;
	classes = {
	};
	objectVersion = 46;
	objects = {

/* Begin PBXBuildFile section */
		BC23C2BC1EE6BD4B000F110B /* Constant.swift in Sources */ = {isa = PBXBuildFile; fileRef = BC23C2BA1EE6BD4B000F110B /* Constant.swift */; };
		BC23C2BD1EE6BD4B000F110B /* MMLocalizeUtils.swift in Sources */ = {isa = PBXBuildFile; fileRef = BC23C2BB1EE6BD4B000F110B /* MMLocalizeUtils.swift */; };
		BCC714D01EE52DA000051843 /* AppDelegate.swift in Sources */ = {isa = PBXBuildFile; fileRef = BCC714CF1EE52DA000051843 /* AppDelegate.swift */; };
		BCC714D21EE52DA000051843 /* ViewController.swift in Sources */ = {isa = PBXBuildFile; fileRef = BCC714D11EE52DA000051843 /* ViewController.swift */; };
		BCC714D51EE52DA000051843 /* Main.storyboard in Resources */ = {isa = PBXBuildFile; fileRef = BCC714D31EE52DA000051843 /* Main.storyboard */; };
		BCC714D71EE52DA000051843 /* Assets.xcassets in Resources */ = {isa = PBXBuildFile; fileRef = BCC714D61EE52DA000051843 /* Assets.xcassets */; };
		BCC714DA1EE52DA000051843 /* LaunchScreen.storyboard in Resources */ = {isa = PBXBuildFile; fileRef = BCC714D81EE52DA000051843 /* LaunchScreen.storyboard */; };
		BCC714E51EE5301E00051843 /* MMTextField.swift in Sources */ = {isa = PBXBuildFile; fileRef = BCC714E41EE5301E00051843 /* MMTextField.swift */; };
		BCC714E61EE530CC00051843 /* MMTextFieldEffects.swift in Sources */ = {isa = PBXBuildFile; fileRef = BCC714E21EE52E1D00051843 /* MMTextFieldEffects.swift */; };
		BCC714E91EE5311200051843 /* MMCustomButton.swift in Sources */ = {isa = PBXBuildFile; fileRef = BCC714E71EE5311200051843 /* MMCustomButton.swift */; };
		BCC714EA1EE5311200051843 /* MMCustomView.swift in Sources */ = {isa = PBXBuildFile; fileRef = BCC714E81EE5311200051843 /* MMCustomView.swift */; };
		BCC714EF1EE554FE00051843 /* Localizable.strings in Resources */ = {isa = PBXBuildFile; fileRef = BCC714F11EE554FE00051843 /* Localizable.strings */; };
/* End PBXBuildFile section */

/* Begin PBXFileReference section */
		BC23C2BA1EE6BD4B000F110B /* Constant.swift */ = {isa = PBXFileReference; fileEncoding = 4; lastKnownFileType = sourcecode.swift; path = Constant.swift; sourceTree = "<group>"; };
		BC23C2BB1EE6BD4B000F110B /* MMLocalizeUtils.swift */ = {isa = PBXFileReference; fileEncoding = 4; lastKnownFileType = sourcecode.swift; path = MMLocalizeUtils.swift; sourceTree = "<group>"; };
		BCC714CC1EE52DA000051843 /* MMLoginKit.app */ = {isa = PBXFileReference; explicitFileType = wrapper.application; includeInIndex = 0; path = MMLoginKit.app; sourceTree = BUILT_PRODUCTS_DIR; };
		BCC714CF1EE52DA000051843 /* AppDelegate.swift */ = {isa = PBXFileReference; lastKnownFileType = sourcecode.swift; path = AppDelegate.swift; sourceTree = "<group>"; };
		BCC714D11EE52DA000051843 /* ViewController.swift */ = {isa = PBXFileReference; lastKnownFileType = sourcecode.swift; path = ViewController.swift; sourceTree = "<group>"; };
		BCC714D41EE52DA000051843 /* Base */ = {isa = PBXFileReference; lastKnownFileType = file.storyboard; name = Base; path = Base.lproj/Main.storyboard; sourceTree = "<group>"; };
		BCC714D61EE52DA000051843 /* Assets.xcassets */ = {isa = PBXFileReference; lastKnownFileType = folder.assetcatalog; path = Assets.xcassets; sourceTree = "<group>"; };
		BCC714D91EE52DA000051843 /* Base */ = {isa = PBXFileReference; lastKnownFileType = file.storyboard; name = Base; path = Base.lproj/LaunchScreen.storyboard; sourceTree = "<group>"; };
		BCC714DB1EE52DA000051843 /* Info.plist */ = {isa = PBXFileReference; lastKnownFileType = text.plist.xml; path = Info.plist; sourceTree = "<group>"; };
		BCC714E21EE52E1D00051843 /* MMTextFieldEffects.swift */ = {isa = PBXFileReference; fileEncoding = 4; lastKnownFileType = sourcecode.swift; path = MMTextFieldEffects.swift; sourceTree = "<group>"; };
		BCC714E41EE5301E00051843 /* MMTextField.swift */ = {isa = PBXFileReference; fileEncoding = 4; lastKnownFileType = sourcecode.swift; path = MMTextField.swift; sourceTree = "<group>"; };
		BCC714E71EE5311200051843 /* MMCustomButton.swift */ = {isa = PBXFileReference; fileEncoding = 4; lastKnownFileType = sourcecode.swift; path = MMCustomButton.swift; sourceTree = "<group>"; };
		BCC714E81EE5311200051843 /* MMCustomView.swift */ = {isa = PBXFileReference; fileEncoding = 4; lastKnownFileType = sourcecode.swift; path = MMCustomView.swift; sourceTree = "<group>"; };
		BCC714F01EE554FE00051843 /* Base */ = {isa = PBXFileReference; lastKnownFileType = text.plist.strings; name = Base; path = Base.lproj/Localizable.strings; sourceTree = "<group>"; };
		BCC714F21EE5551A00051843 /* gu-IN */ = {isa = PBXFileReference; lastKnownFileType = text.plist.strings; name = "gu-IN"; path = "gu-IN.lproj/Localizable.strings"; sourceTree = "<group>"; };
/* End PBXFileReference section */

/* Begin PBXFrameworksBuildPhase section */
		BCC714C91EE52DA000051843 /* Frameworks */ = {
			isa = PBXFrameworksBuildPhase;
			buildActionMask = 2147483647;
			files = (
			);
			runOnlyForDeploymentPostprocessing = 0;
		};
/* End PBXFrameworksBuildPhase section */

/* Begin PBXGroup section */
		BC23C2B91EE6BD4B000F110B /* Constant */ = {
			isa = PBXGroup;
			children = (
				BC23C2BA1EE6BD4B000F110B /* Constant.swift */,
				BC23C2BB1EE6BD4B000F110B /* MMLocalizeUtils.swift */,
			);
			path = Constant;
			sourceTree = "<group>";
		};
		BCC714C31EE52D9F00051843 = {
			isa = PBXGroup;
			children = (
				BCC714CE1EE52DA000051843 /* MMLoginKit */,
				BCC714CD1EE52DA000051843 /* Products */,
			);
			sourceTree = "<group>";
		};
		BCC714CD1EE52DA000051843 /* Products */ = {
			isa = PBXGroup;
			children = (
				BCC714CC1EE52DA000051843 /* MMLoginKit.app */,
			);
			name = Products;
			sourceTree = "<group>";
		};
		BCC714CE1EE52DA000051843 /* MMLoginKit */ = {
			isa = PBXGroup;
			children = (
				BC23C2B91EE6BD4B000F110B /* Constant */,
				BCC714E11EE52E0700051843 /* MMTextField */,
				BCC714CF1EE52DA000051843 /* AppDelegate.swift */,
				BCC714D11EE52DA000051843 /* ViewController.swift */,
				BCC714D31EE52DA000051843 /* Main.storyboard */,
				BCC714D61EE52DA000051843 /* Assets.xcassets */,
				BCC714D81EE52DA000051843 /* LaunchScreen.storyboard */,
				BCC714DB1EE52DA000051843 /* Info.plist */,
				BCC714F11EE554FE00051843 /* Localizable.strings */,
			);
			path = MMLoginKit;
			sourceTree = "<group>";
		};
		BCC714E11EE52E0700051843 /* MMTextField */ = {
			isa = PBXGroup;
			children = (
				BCC714E71EE5311200051843 /* MMCustomButton.swift */,
				BCC714E81EE5311200051843 /* MMCustomView.swift */,
				BCC714E21EE52E1D00051843 /* MMTextFieldEffects.swift */,
				BCC714E41EE5301E00051843 /* MMTextField.swift */,
			);
			path = MMTextField;
			sourceTree = "<group>";
		};
/* End PBXGroup section */

/* Begin PBXNativeTarget section */
		BCC714CB1EE52DA000051843 /* MMLoginKit */ = {
			isa = PBXNativeTarget;
			buildConfigurationList = BCC714DE1EE52DA000051843 /* Build configuration list for PBXNativeTarget "MMLoginKit" */;
			buildPhases = (
				BCC714C81EE52DA000051843 /* Sources */,
				BCC714C91EE52DA000051843 /* Frameworks */,
				BCC714CA1EE52DA000051843 /* Resources */,
			);
			buildRules = (
			);
			dependencies = (
			);
			name = MMLoginKit;
			productName = MMLoginKit;
			productReference = BCC714CC1EE52DA000051843 /* MMLoginKit.app */;
			productType = "com.apple.product-type.application";
		};
/* End PBXNativeTarget section */

/* Begin PBXProject section */
		BCC714C41EE52D9F00051843 /* Project object */ = {
			isa = PBXProject;
			attributes = {
				LastSwiftUpdateCheck = 0830;
				LastUpgradeCheck = 0830;
				ORGANIZATIONNAME = "Mohsinali Matiya";
				TargetAttributes = {
					BCC714CB1EE52DA000051843 = {
						CreatedOnToolsVersion = 8.3.2;
						ProvisioningStyle = Automatic;
					};
				};
			};
			buildConfigurationList = BCC714C71EE52D9F00051843 /* Build configuration list for PBXProject "MMLoginKit" */;
			compatibilityVersion = "Xcode 3.2";
			developmentRegion = English;
			hasScannedForEncodings = 0;
			knownRegions = (
				en,
				Base,
				"gu-IN",
			);
			mainGroup = BCC714C31EE52D9F00051843;
			productRefGroup = BCC714CD1EE52DA000051843 /* Products */;
			projectDirPath = "";
			projectRoot = "";
			targets = (
				BCC714CB1EE52DA000051843 /* MMLoginKit */,
			);
		};
/* End PBXProject section */

/* Begin PBXResourcesBuildPhase section */
		BCC714CA1EE52DA000051843 /* Resources */ = {
			isa = PBXResourcesBuildPhase;
			buildActionMask = 2147483647;
			files = (
				BCC714DA1EE52DA000051843 /* LaunchScreen.storyboard in Resources */,
				BCC714EF1EE554FE00051843 /* Localizable.strings in Resources */,
				BCC714D71EE52DA000051843 /* Assets.xcassets in Resources */,
				BCC714D51EE52DA000051843 /* Main.storyboard in Resources */,
			);
			runOnlyForDeploymentPostprocessing = 0;
		};
/* End PBXResourcesBuildPhase section */

/* Begin PBXSourcesBuildPhase section */
		BCC714C81EE52DA000051843 /* Sources */ = {
			isa = PBXSourcesBuildPhase;
			buildActionMask = 2147483647;
			files = (
				BCC714D21EE52DA000051843 /* ViewController.swift in Sources */,
				BC23C2BD1EE6BD4B000F110B /* MMLocalizeUtils.swift in Sources */,
				BCC714D01EE52DA000051843 /* AppDelegate.swift in Sources */,
				BCC714E61EE530CC00051843 /* MMTextFieldEffects.swift in Sources */,
				BC23C2BC1EE6BD4B000F110B /* Constant.swift in Sources */,
				BCC714EA1EE5311200051843 /* MMCustomView.swift in Sources */,
				BCC714E51EE5301E00051843 /* MMTextField.swift in Sources */,
				BCC714E91EE5311200051843 /* MMCustomButton.swift in Sources */,
			);
			runOnlyForDeploymentPostprocessing = 0;
		};
/* End PBXSourcesBuildPhase section */

/* Begin PBXVariantGroup section */
		BCC714D31EE52DA000051843 /* Main.storyboard */ = {
			isa = PBXVariantGroup;
			children = (
				BCC714D41EE52DA000051843 /* Base */,
			);
			name = Main.storyboard;
			sourceTree = "<group>";
		};
		BCC714D81EE52DA000051843 /* LaunchScreen.storyboard */ = {
			isa = PBXVariantGroup;
			children = (
				BCC714D91EE52DA000051843 /* Base */,
			);
			name = LaunchScreen.storyboard;
			sourceTree = "<group>";
		};
		BCC714F11EE554FE00051843 /* Localizable.strings */ = {
			isa = PBXVariantGroup;
			children = (
				BCC714F01EE554FE00051843 /* Base */,
				BCC714F21EE5551A00051843 /* gu-IN */,
			);
			name = Localizable.strings;
			sourceTree = "<group>";
		};
/* End PBXVariantGroup section */

/* Begin XCBuildConfiguration section */
		BCC714DC1EE52DA000051843 /* Debug */ = {
			isa = XCBuildConfiguration;
			buildSettings = {
				ALWAYS_SEARCH_USER_PATHS = NO;
				CLANG_ANALYZER_LOCALIZABILITY_NONLOCALIZED = YES;
				CLANG_ANALYZER_NONNULL = YES;
				CLANG_ANALYZER_NUMBER_OBJECT_CONVERSION = YES_AGGRESSIVE;
				CLANG_CXX_LANGUAGE_STANDARD = "gnu++0x";
				CLANG_CXX_LIBRARY = "libc++";
				CLANG_ENABLE_MODULES = YES;
				CLANG_ENABLE_OBJC_ARC = YES;
				CLANG_WARN_BOOL_CONVERSION = YES;
				CLANG_WARN_CONSTANT_CONVERSION = YES;
				CLANG_WARN_DIRECT_OBJC_ISA_USAGE = YES_ERROR;
				CLANG_WARN_DOCUMENTATION_COMMENTS = YES;
				CLANG_WARN_EMPTY_BODY = YES;
				CLANG_WARN_ENUM_CONVERSION = YES;
				CLANG_WARN_INFINITE_RECURSION = YES;
				CLANG_WARN_INT_CONVERSION = YES;
				CLANG_WARN_OBJC_ROOT_CLASS = YES_ERROR;
				CLANG_WARN_SUSPICIOUS_MOVE = YES;
				CLANG_WARN_UNREACHABLE_CODE = YES;
				CLANG_WARN__DUPLICATE_METHOD_MATCH = YES;
				"CODE_SIGN_IDENTITY[sdk=iphoneos*]" = "iPhone Developer";
				COPY_PHASE_STRIP = NO;
				DEBUG_INFORMATION_FORMAT = dwarf;
				ENABLE_STRICT_OBJC_MSGSEND = YES;
				ENABLE_TESTABILITY = YES;
				GCC_C_LANGUAGE_STANDARD = gnu99;
				GCC_DYNAMIC_NO_PIC = NO;
				GCC_NO_COMMON_BLOCKS = YES;
				GCC_OPTIMIZATION_LEVEL = 0;
				GCC_PREPROCESSOR_DEFINITIONS = (
					"DEBUG=1",
					"$(inherited)",
				);
				GCC_WARN_64_TO_32_BIT_CONVERSION = YES;
				GCC_WARN_ABOUT_RETURN_TYPE = YES_ERROR;
				GCC_WARN_UNDECLARED_SELECTOR = YES;
				GCC_WARN_UNINITIALIZED_AUTOS = YES_AGGRESSIVE;
				GCC_WARN_UNUSED_FUNCTION = YES;
				GCC_WARN_UNUSED_VARIABLE = YES;
				IPHONEOS_DEPLOYMENT_TARGET = 10.3;
				MTL_ENABLE_DEBUG_INFO = YES;
				ONLY_ACTIVE_ARCH = YES;
				SDKROOT = iphoneos;
				SWIFT_ACTIVE_COMPILATION_CONDITIONS = DEBUG;
				SWIFT_OPTIMIZATION_LEVEL = "-Onone";
				TARGETED_DEVICE_FAMILY = "1,2";
			};
			name = Debug;
		};
		BCC714DD1EE52DA000051843 /* Release */ = {
			isa = XCBuildConfiguration;
			buildSettings = {
				ALWAYS_SEARCH_USER_PATHS = NO;
				CLANG_ANALYZER_LOCALIZABILITY_NONLOCALIZED = YES;
				CLANG_ANALYZER_NONNULL = YES;
				CLANG_ANALYZER_NUMBER_OBJECT_CONVERSION = YES_AGGRESSIVE;
				CLANG_CXX_LANGUAGE_STANDARD = "gnu++0x";
				CLANG_CXX_LIBRARY = "libc++";
				CLANG_ENABLE_MODULES = YES;
				CLANG_ENABLE_OBJC_ARC = YES;
				CLANG_WARN_BOOL_CONVERSION = YES;
				CLANG_WARN_CONSTANT_CONVERSION = YES;
				CLANG_WARN_DIRECT_OBJC_ISA_USAGE = YES_ERROR;
				CLANG_WARN_DOCUMENTATION_COMMENTS = YES;
				CLANG_WARN_EMPTY_BODY = YES;
				CLANG_WARN_ENUM_CONVERSION = YES;
				CLANG_WARN_INFINITE_RECURSION = YES;
				CLANG_WARN_INT_CONVERSION = YES;
				CLANG_WARN_OBJC_ROOT_CLASS = YES_ERROR;
				CLANG_WARN_SUSPICIOUS_MOVE = YES;
				CLANG_WARN_UNREACHABLE_CODE = YES;
				CLANG_WARN__DUPLICATE_METHOD_MATCH = YES;
				"CODE_SIGN_IDENTITY[sdk=iphoneos*]" = "iPhone Developer";
				COPY_PHASE_STRIP = NO;
				DEBUG_INFORMATION_FORMAT = "dwarf-with-dsym";
				ENABLE_NS_ASSERTIONS = NO;
				ENABLE_STRICT_OBJC_MSGSEND = YES;
				GCC_C_LANGUAGE_STANDARD = gnu99;
				GCC_NO_COMMON_BLOCKS = YES;
				GCC_WARN_64_TO_32_BIT_CONVERSION = YES;
				GCC_WARN_ABOUT_RETURN_TYPE = YES_ERROR;
				GCC_WARN_UNDECLARED_SELECTOR = YES;
				GCC_WARN_UNINITIALIZED_AUTOS = YES_AGGRESSIVE;
				GCC_WARN_UNUSED_FUNCTION = YES;
				GCC_WARN_UNUSED_VARIABLE = YES;
				IPHONEOS_DEPLOYMENT_TARGET = 10.3;
				MTL_ENABLE_DEBUG_INFO = NO;
				SDKROOT = iphoneos;
				SWIFT_OPTIMIZATION_LEVEL = "-Owholemodule";
				TARGETED_DEVICE_FAMILY = "1,2";
				VALIDATE_PRODUCT = YES;
			};
			name = Release;
		};
		BCC714DF1EE52DA000051843 /* Debug */ = {
			isa = XCBuildConfiguration;
			buildSettings = {
				ASSETCATALOG_COMPILER_APPICON_NAME = AppIcon;
				INFOPLIST_FILE = MMLoginKit/Info.plist;
				LD_RUNPATH_SEARCH_PATHS = "$(inherited) @executable_path/Frameworks";
				PRODUCT_BUNDLE_IDENTIFIER = com.mm.MMLoginKit;
				PRODUCT_NAME = "$(TARGET_NAME)";
				SWIFT_VERSION = 3.0;
			};
			name = Debug;
		};
		BCC714E01EE52DA000051843 /* Release */ = {
			isa = XCBuildConfiguration;
			buildSettings = {
				ASSETCATALOG_COMPILER_APPICON_NAME = AppIcon;
				INFOPLIST_FILE = MMLoginKit/Info.plist;
				LD_RUNPATH_SEARCH_PATHS = "$(inherited) @executable_path/Frameworks";
				PRODUCT_BUNDLE_IDENTIFIER = com.mm.MMLoginKit;
				PRODUCT_NAME = "$(TARGET_NAME)";
				SWIFT_VERSION = 3.0;
			};
			name = Release;
		};
/* End XCBuildConfiguration section */

/* Begin XCConfigurationList section */
		BCC714C71EE52D9F00051843 /* Build configuration list for PBXProject "MMLoginKit" */ = {
			isa = XCConfigurationList;
			buildConfigurations = (
				BCC714DC1EE52DA000051843 /* Debug */,
				BCC714DD1EE52DA000051843 /* Release */,
			);
			defaultConfigurationIsVisible = 0;
			defaultConfigurationName = Release;
		};
		BCC714DE1EE52DA000051843 /* Build configuration list for PBXNativeTarget "MMLoginKit" */ = {
			isa = XCConfigurationList;
			buildConfigurations = (
				BCC714DF1EE52DA000051843 /* Debug */,
				BCC714E01EE52DA000051843 /* Release */,
			);
			defaultConfigurationIsVisible = 0;
			defaultConfigurationName = Release;
		};
/* End XCConfigurationList section */
	};
	rootObject = BCC714C41EE52D9F00051843 /* Project object */;
}
